
Microsoft Visual Studio Solution File, Format Version 12.00
# Visual Studio Version 16
VisualStudioVersion = 25.0.1706.14
MinimumVisualStudioVersion = 10.0.40219.1
Project("{FAE04EC0-301F-11D3-BF4B-00C04F79EFBC}") = "FirstApplication", "FirstApplication\FirstApplication.csproj", "{BE8ECB6C-5C7B-4ED3-A5C1-9E174DDF20F0}"
EndProject
Global
	GlobalSection(SolutionConfigurationPlatforms) = preSolution
		Debug|Any CPU = Debug|Any CPU
		Release|Any CPU = Release|Any CPU
	EndGlobalSection
	GlobalSection(ProjectConfigurationPlatforms) = postSolution
		{BE8ECB6C-5C7B-4ED3-A5C1-9E174DDF20F0}.Debug|Any CPU.ActiveCfg = Debug|Any CPU
		{BE8ECB6C-5C7B-4ED3-A5C1-9E174DDF20F0}.Debug|Any CPU.Build.0 = Debug|Any CPU
		{BE8ECB6C-5C7B-4ED3-A5C1-9E174DDF20F0}.Release|Any CPU.ActiveCfg = Release|Any CPU
		{BE8ECB6C-5C7B-4ED3-A5C1-9E174DDF20F0}.Release|Any CPU.Build.0 = Release|Any CPU
	EndGlobalSection
	GlobalSection(SolutionProperties) = preSolution
		HideSolutionNode = FALSE
	EndGlobalSection
	GlobalSection(ExtensibilityGlobals) = postSolution
		SolutionGuid = {F415ECCD-16E1-48AD-9B29-18D08038397D}
	EndGlobalSection
EndGlobal
